
Microsoft Visual Studio Solution File, Format Version 12.00
Project("{F2A71F9B-5D33-465A-A702-920D77279786}") = "FsTestStack.AspNetCore", "src\FsTestStack.AspNetCore\FsTestStack.AspNetCore.fsproj", "{8B539569-9971-41A0-B239-31F14125B5C1}"
EndProject
Project("{F2A71F9B-5D33-465A-A702-920D77279786}") = "FsTestStack.Test", "test\FsTestStack.Test\FsTestStack.Test.fsproj", "{068FD347-DEAB-4F86-AD2C-7270A3B4BD46}"
EndProject
Project("{F2A71F9B-5D33-465A-A702-920D77279786}") = "FsTestStack.AspNetCore.Autofac", "src\FsTestStack.AspNetCore.Autofac\FsTestStack.AspNetCore.Autofac.fsproj", "{70039773-D39B-4D77-9253-6AB6C66EFC66}"
EndProject
Project("{F2A71F9B-5D33-465A-A702-920D77279786}") = "FsTestStack.InMemoryDb.NHibernate", "src\FsTestStack.InMemoryDb.NHibernate\FsTestStack.InMemoryDb.NHibernate.fsproj", "{BF4838D3-2053-4FE2-A2F1-2749A8C34071}"
EndProject
Project("{FAE04EC0-301F-11D3-BF4B-00C04F79EFBC}") = "FsTestStack.Test.CSharp", "test\FsTestStack.Test.CSharp\FsTestStack.Test.CSharp.csproj", "{64A1FB9E-47C3-4E67-8580-6DB868EDD32E}"
EndProject
Global
	GlobalSection(SolutionConfigurationPlatforms) = preSolution
		Debug|Any CPU = Debug|Any CPU
		Release|Any CPU = Release|Any CPU
	EndGlobalSection
	GlobalSection(ProjectConfigurationPlatforms) = postSolution
		{8B539569-9971-41A0-B239-31F14125B5C1}.Debug|Any CPU.ActiveCfg = Debug|Any CPU
		{8B539569-9971-41A0-B239-31F14125B5C1}.Debug|Any CPU.Build.0 = Debug|Any CPU
		{8B539569-9971-41A0-B239-31F14125B5C1}.Release|Any CPU.ActiveCfg = Release|Any CPU
		{8B539569-9971-41A0-B239-31F14125B5C1}.Release|Any CPU.Build.0 = Release|Any CPU
		{068FD347-DEAB-4F86-AD2C-7270A3B4BD46}.Debug|Any CPU.ActiveCfg = Debug|Any CPU
		{068FD347-DEAB-4F86-AD2C-7270A3B4BD46}.Debug|Any CPU.Build.0 = Debug|Any CPU
		{068FD347-DEAB-4F86-AD2C-7270A3B4BD46}.Release|Any CPU.ActiveCfg = Release|Any CPU
		{068FD347-DEAB-4F86-AD2C-7270A3B4BD46}.Release|Any CPU.Build.0 = Release|Any CPU
		{70039773-D39B-4D77-9253-6AB6C66EFC66}.Debug|Any CPU.ActiveCfg = Debug|Any CPU
		{70039773-D39B-4D77-9253-6AB6C66EFC66}.Debug|Any CPU.Build.0 = Debug|Any CPU
		{70039773-D39B-4D77-9253-6AB6C66EFC66}.Release|Any CPU.ActiveCfg = Release|Any CPU
		{70039773-D39B-4D77-9253-6AB6C66EFC66}.Release|Any CPU.Build.0 = Release|Any CPU
		{BF4838D3-2053-4FE2-A2F1-2749A8C34071}.Debug|Any CPU.ActiveCfg = Debug|Any CPU
		{BF4838D3-2053-4FE2-A2F1-2749A8C34071}.Debug|Any CPU.Build.0 = Debug|Any CPU
		{BF4838D3-2053-4FE2-A2F1-2749A8C34071}.Release|Any CPU.ActiveCfg = Release|Any CPU
		{BF4838D3-2053-4FE2-A2F1-2749A8C34071}.Release|Any CPU.Build.0 = Release|Any CPU
		{64A1FB9E-47C3-4E67-8580-6DB868EDD32E}.Debug|Any CPU.ActiveCfg = Debug|Any CPU
		{64A1FB9E-47C3-4E67-8580-6DB868EDD32E}.Debug|Any CPU.Build.0 = Debug|Any CPU
		{64A1FB9E-47C3-4E67-8580-6DB868EDD32E}.Release|Any CPU.ActiveCfg = Release|Any CPU
		{64A1FB9E-47C3-4E67-8580-6DB868EDD32E}.Release|Any CPU.Build.0 = Release|Any CPU
	EndGlobalSection
EndGlobal
